
Microsoft Visual Studio Solution File, Format Version 12.00
# Visual Studio Version 17
VisualStudioVersion = 17.5.33502.453
MinimumVisualStudioVersion = 10.0.40219.1
Project("{FAE04EC0-301F-11D3-BF4B-00C04F79EFBC}") = "CalculatingWaterPerDay", "CalculatingWaterPerDay\CalculatingWaterPerDay.csproj", "{6CD997E2-C4BC-4A75-A940-59723CDCFABB}"
EndProject
Global
	GlobalSection(SolutionConfigurationPlatforms) = preSolution
		Debug|Any CPU = Debug|Any CPU
		Release|Any CPU = Release|Any CPU
	EndGlobalSection
	GlobalSection(ProjectConfigurationPlatforms) = postSolution
		{6CD997E2-C4BC-4A75-A940-59723CDCFABB}.Debug|Any CPU.ActiveCfg = Debug|Any CPU
		{6CD997E2-C4BC-4A75-A940-59723CDCFABB}.Debug|Any CPU.Build.0 = Debug|Any CPU
		{6CD997E2-C4BC-4A75-A940-59723CDCFABB}.Release|Any CPU.ActiveCfg = Release|Any CPU
		{6CD997E2-C4BC-4A75-A940-59723CDCFABB}.Release|Any CPU.Build.0 = Release|Any CPU
	EndGlobalSection
	GlobalSection(SolutionProperties) = preSolution
		HideSolutionNode = FALSE
	EndGlobalSection
	GlobalSection(ExtensibilityGlobals) = postSolution
		SolutionGuid = {8DB94D82-EC48-49AA-9584-1FE8710FF1CA}
	EndGlobalSection
EndGlobal
